Microsoft Visual Studio Solution File, Format Version 12.00
# Visual Studio 15
VisualStudioVersion = 15.0.26206.0
MinimumVisualStudioVersion = 15.0.26124.0
Project("{9A19103F-16F7-4668-BE54-9A1E7A4F7556}") = "docs.en-us", "docs.en-us\docs.en-us.csproj", "{4E574999-988E-49B9-908F-23C6EDA53FDD}"
EndProject
Project("{9A19103F-16F7-4668-BE54-9A1E7A4F7556}") = "docs.pt-br", "docs.pt-br\docs.pt-br.csproj", "{5548C9D5-F90E-4E24-8522-C54A33C84954}"
EndProject
Project("{9A19103F-16F7-4668-BE54-9A1E7A4F7556}") = "template", "template\template.csproj", "{30CC65E0-5919-4EE5-A248-CA501570221B}"
EndProject
Project("{9A19103F-16F7-4668-BE54-9A1E7A4F7556}") = "snippets", "snippets\snippets.csproj", "{CFF180D6-BECC-4840-8981-2C2ED428A8B8}"
EndProject
Project("{9A19103F-16F7-4668-BE54-9A1E7A4F7556}") = "includes", "includes\includes.csproj", "{4FA0F0B8-E13C-4998-B8CF-3FD68E077EFA}"
EndProject
Global
	GlobalSection(SolutionConfigurationPlatforms) = preSolution
		Debug|Any CPU = Debug|Any CPU
		Debug|x64 = Debug|x64
		Debug|x86 = Debug|x86
		Release|Any CPU = Release|Any CPU
		Release|x64 = Release|x64
		Release|x86 = Release|x86
	EndGlobalSection
	GlobalSection(ProjectConfigurationPlatforms) = postSolution
		{4E574999-988E-49B9-908F-23C6EDA53FDD}.Debug|Any CPU.ActiveCfg = Debug|Any CPU
		{4E574999-988E-49B9-908F-23C6EDA53FDD}.Debug|Any CPU.Build.0 = Debug|Any CPU
		{4E574999-988E-49B9-908F-23C6EDA53FDD}.Debug|x64.ActiveCfg = Debug|Any CPU
		{4E574999-988E-49B9-908F-23C6EDA53FDD}.Debug|x64.Build.0 = Debug|Any CPU
		{4E574999-988E-49B9-908F-23C6EDA53FDD}.Debug|x86.ActiveCfg = Debug|Any CPU
		{4E574999-988E-49B9-908F-23C6EDA53FDD}.Debug|x86.Build.0 = Debug|Any CPU
		{4E574999-988E-49B9-908F-23C6EDA53FDD}.Release|Any CPU.ActiveCfg = Release|Any CPU
		{4E574999-988E-49B9-908F-23C6EDA53FDD}.Release|Any CPU.Build.0 = Release|Any CPU
		{4E574999-988E-49B9-908F-23C6EDA53FDD}.Release|x64.ActiveCfg = Release|Any CPU
		{4E574999-988E-49B9-908F-23C6EDA53FDD}.Release|x64.Build.0 = Release|Any CPU
		{4E574999-988E-49B9-908F-23C6EDA53FDD}.Release|x86.ActiveCfg = Release|Any CPU
		{4E574999-988E-49B9-908F-23C6EDA53FDD}.Release|x86.Build.0 = Release|Any CPU
		{5548C9D5-F90E-4E24-8522-C54A33C84954}.Debug|Any CPU.ActiveCfg = Debug|Any CPU
		{5548C9D5-F90E-4E24-8522-C54A33C84954}.Debug|Any CPU.Build.0 = Debug|Any CPU
		{5548C9D5-F90E-4E24-8522-C54A33C84954}.Debug|x64.ActiveCfg = Debug|Any CPU
		{5548C9D5-F90E-4E24-8522-C54A33C84954}.Debug|x64.Build.0 = Debug|Any CPU
		{5548C9D5-F90E-4E24-8522-C54A33C84954}.Debug|x86.ActiveCfg = Debug|Any CPU
		{5548C9D5-F90E-4E24-8522-C54A33C84954}.Debug|x86.Build.0 = Debug|Any CPU
		{5548C9D5-F90E-4E24-8522-C54A33C84954}.Release|Any CPU.ActiveCfg = Release|Any CPU
		{5548C9D5-F90E-4E24-8522-C54A33C84954}.Release|Any CPU.Build.0 = Release|Any CPU
		{5548C9D5-F90E-4E24-8522-C54A33C84954}.Release|x64.ActiveCfg = Release|Any CPU
		{5548C9D5-F90E-4E24-8522-C54A33C84954}.Release|x64.Build.0 = Release|Any CPU
		{5548C9D5-F90E-4E24-8522-C54A33C84954}.Release|x86.ActiveCfg = Release|Any CPU
		{5548C9D5-F90E-4E24-8522-C54A33C84954}.Release|x86.Build.0 = Release|Any CPU
		{30CC65E0-5919-4EE5-A248-CA501570221B}.Debug|Any CPU.ActiveCfg = Debug|Any CPU
		{30CC65E0-5919-4EE5-A248-CA501570221B}.Debug|Any CPU.Build.0 = Debug|Any CPU
		{30CC65E0-5919-4EE5-A248-CA501570221B}.Debug|x64.ActiveCfg = Debug|Any CPU
		{30CC65E0-5919-4EE5-A248-CA501570221B}.Debug|x64.Build.0 = Debug|Any CPU
		{30CC65E0-5919-4EE5-A248-CA501570221B}.Debug|x86.ActiveCfg = Debug|Any CPU
		{30CC65E0-5919-4EE5-A248-CA501570221B}.Debug|x86.Build.0 = Debug|Any CPU
		{30CC65E0-5919-4EE5-A248-CA501570221B}.Release|Any CPU.ActiveCfg = Release|Any CPU
		{30CC65E0-5919-4EE5-A248-CA501570221B}.Release|Any CPU.Build.0 = Release|Any CPU
		{30CC65E0-5919-4EE5-A248-CA501570221B}.Release|x64.ActiveCfg = Release|Any CPU
		{30CC65E0-5919-4EE5-A248-CA501570221B}.Release|x64.Build.0 = Release|Any CPU
		{30CC65E0-5919-4EE5-A248-CA501570221B}.Release|x86.ActiveCfg = Release|Any CPU
		{30CC65E0-5919-4EE5-A248-CA501570221B}.Release|x86.Build.0 = Release|Any CPU
		{CFF180D6-BECC-4840-8981-2C2ED428A8B8}.Debug|Any CPU.ActiveCfg = Debug|Any CPU
		{CFF180D6-BECC-4840-8981-2C2ED428A8B8}.Debug|Any CPU.Build.0 = Debug|Any CPU
		{CFF180D6-BECC-4840-8981-2C2ED428A8B8}.Debug|x64.ActiveCfg = Debug|Any CPU
		{CFF180D6-BECC-4840-8981-2C2ED428A8B8}.Debug|x64.Build.0 = Debug|Any CPU
		{CFF180D6-BECC-4840-8981-2C2ED428A8B8}.Debug|x86.ActiveCfg = Debug|Any CPU
		{CFF180D6-BECC-4840-8981-2C2ED428A8B8}.Debug|x86.Build.0 = Debug|Any CPU
		{CFF180D6-BECC-4840-8981-2C2ED428A8B8}.Release|Any CPU.ActiveCfg = Release|Any CPU
		{CFF180D6-BECC-4840-8981-2C2ED428A8B8}.Release|Any CPU.Build.0 = Release|Any CPU
		{CFF180D6-BECC-4840-8981-2C2ED428A8B8}.Release|x64.ActiveCfg = Release|Any CPU
		{CFF180D6-BECC-4840-8981-2C2ED428A8B8}.Release|x64.Build.0 = Release|Any CPU
		{CFF180D6-BECC-4840-8981-2C2ED428A8B8}.Release|x86.ActiveCfg = Release|Any CPU
		{CFF180D6-BECC-4840-8981-2C2ED428A8B8}.Release|x86.Build.0 = Release|Any CPU
		{4FA0F0B8-E13C-4998-B8CF-3FD68E077EFA}.Debug|Any CPU.ActiveCfg = Debug|Any CPU
		{4FA0F0B8-E13C-4998-B8CF-3FD68E077EFA}.Debug|Any CPU.Build.0 = Debug|Any CPU
		{4FA0F0B8-E13C-4998-B8CF-3FD68E077EFA}.Debug|x64.ActiveCfg = Debug|x64
		{4FA0F0B8-E13C-4998-B8CF-3FD68E077EFA}.Debug|x64.Build.0 = Debug|x64
		{4FA0F0B8-E13C-4998-B8CF-3FD68E077EFA}.Debug|x86.ActiveCfg = Debug|x86
		{4FA0F0B8-E13C-4998-B8CF-3FD68E077EFA}.Debug|x86.Build.0 = Debug|x86
		{4FA0F0B8-E13C-4998-B8CF-3FD68E077EFA}.Release|Any CPU.ActiveCfg = Release|Any CPU
		{4FA0F0B8-E13C-4998-B8CF-3FD68E077EFA}.Release|Any CPU.Build.0 = Release|Any CPU
		{4FA0F0B8-E13C-4998-B8CF-3FD68E077EFA}.Release|x64.ActiveCfg = Release|x64
		{4FA0F0B8-E13C-4998-B8CF-3FD68E077EFA}.Release|x64.Build.0 = Release|x64
		{4FA0F0B8-E13C-4998-B8CF-3FD68E077EFA}.Release|x86.ActiveCfg = Release|x86
		{4FA0F0B8-E13C-4998-B8CF-3FD68E077EFA}.Release|x86.Build.0 = Release|x86
	EndGlobalSection
	GlobalSection(SolutionProperties) = preSolution
		HideSolutionNode = FALSE
	EndGlobalSection
EndGlobal
